
Microsoft Visual Studio Solution File, Format Version 12.00
# Visual Studio 15
VisualStudioVersion = 15.0.28307.102
MinimumVisualStudioVersion = 10.0.40219.1
Project("{9A19103F-16F7-4668-BE54-9A1E7A4F7556}") = "xyxandwxx.LogLib", "xyxandwxx.LogLib.csproj", "{F571D65B-513A-4FA5-BCDD-54D1F4E2ACD3}"
EndProject
Global
	GlobalSection(SolutionConfigurationPlatforms) = preSolution
		Debug|Any CPU = Debug|Any CPU
		Release|Any CPU = Release|Any CPU
	EndGlobalSection
	GlobalSection(ProjectConfigurationPlatforms) = postSolution
		{F571D65B-513A-4FA5-BCDD-54D1F4E2ACD3}.Debug|Any CPU.ActiveCfg = Debug|Any CPU
		{F571D65B-513A-4FA5-BCDD-54D1F4E2ACD3}.Debug|Any CPU.Build.0 = Debug|Any CPU
		{F571D65B-513A-4FA5-BCDD-54D1F4E2ACD3}.Release|Any CPU.ActiveCfg = Release|Any CPU
		{F571D65B-513A-4FA5-BCDD-54D1F4E2ACD3}.Release|Any CPU.Build.0 = Release|Any CPU
	EndGlobalSection
	GlobalSection(SolutionProperties) = preSolution
		HideSolutionNode = FALSE
	EndGlobalSection
	GlobalSection(ExtensibilityGlobals) = postSolution
		SolutionGuid = {DD587C2E-963F-4B36-9083-D62C3490846E}
	EndGlobalSection
EndGlobal
