
Microsoft Visual Studio Solution File, Format Version 12.00
# Visual Studio Version 17
VisualStudioVersion = 17.1.32228.430
MinimumVisualStudioVersion = 10.0.40219.1
Project("{FAE04EC0-301F-11D3-BF4B-00C04F79EFBC}") = "xyxandwxx.LogLib", "xyxandwxx.LogLib\xyxandwxx.LogLib.csproj", "{03387913-A6C0-49AC-BE82-6F6E1C5ACD1B}"
EndProject
Global
	GlobalSection(SolutionConfigurationPlatforms) = preSolution
		Debug|Any CPU = Debug|Any CPU
		Release|Any CPU = Release|Any CPU
	EndGlobalSection
	GlobalSection(ProjectConfigurationPlatforms) = postSolution
		{03387913-A6C0-49AC-BE82-6F6E1C5ACD1B}.Debug|Any CPU.ActiveCfg = Debug|Any CPU
		{03387913-A6C0-49AC-BE82-6F6E1C5ACD1B}.Debug|Any CPU.Build.0 = Debug|Any CPU
		{03387913-A6C0-49AC-BE82-6F6E1C5ACD1B}.Release|Any CPU.ActiveCfg = Release|Any CPU
		{03387913-A6C0-49AC-BE82-6F6E1C5ACD1B}.Release|Any CPU.Build.0 = Release|Any CPU
	EndGlobalSection
	GlobalSection(SolutionProperties) = preSolution
		HideSolutionNode = FALSE
	EndGlobalSection
	GlobalSection(ExtensibilityGlobals) = postSolution
		SolutionGuid = {CC6AF529-33B2-4AB2-A146-98F96FC64F69}
	EndGlobalSection
EndGlobal
